
Microsoft Visual Studio Solution File, Format Version 12.00
# Visual Studio Version 16
VisualStudioVersion = 16.0.31129.286
MinimumVisualStudioVersion = 10.0.40219.1
Project("{FAE04EC0-301F-11D3-BF4B-00C04F79EFBC}") = "Replay", "Replay\Replay.csproj", "{C2CCDAB0-5C3D-4C23-AEAE-FA8ECFA0B989}"
EndProject
Global
	GlobalSection(SolutionConfigurationPlatforms) = preSolution
		Debug|Any CPU = Debug|Any CPU
		Release|Any CPU = Release|Any CPU
	EndGlobalSection
	GlobalSection(ProjectConfigurationPlatforms) = postSolution
		{C2CCDAB0-5C3D-4C23-AEAE-FA8ECFA0B989}.Debug|Any CPU.ActiveCfg = Debug|Any CPU
		{C2CCDAB0-5C3D-4C23-AEAE-FA8ECFA0B989}.Debug|Any CPU.Build.0 = Debug|Any CPU
		{C2CCDAB0-5C3D-4C23-AEAE-FA8ECFA0B989}.Release|Any CPU.ActiveCfg = Release|Any CPU
		{C2CCDAB0-5C3D-4C23-AEAE-FA8ECFA0B989}.Release|Any CPU.Build.0 = Release|Any CPU
	EndGlobalSection
	GlobalSection(SolutionProperties) = preSolution
		HideSolutionNode = FALSE
	EndGlobalSection
	GlobalSection(ExtensibilityGlobals) = postSolution
		SolutionGuid = {C9036ACD-DCFE-402F-8F76-9124661D4177}
	EndGlobalSection
EndGlobal
